<?xml version="1.0" encoding="utf-8"?>
<Project ToolsVersion="4.0" xmlns="http://schemas.microsoft.com/developer/msbuild/2003">
  <ItemGroup>
    <Filter Include="Source Files">
      <UniqueIdentifier>{ecc9a59a-b528-499a-b03a-2f536a75289c}</UniqueIdentifier>
      <Extensions>cpp;c;cxx;rc;def;r;odl;idl;hpj;bat</Extensions>
    </Filter>
    <Filter Include="Header Files">
      <UniqueIdentifier>{417950f6-e52b-43b3-8c15-e96ce72497bc}</UniqueIdentifier>
      <Extensions>h;hpp;hxx;hm;inl</Extensions>
    </Filter>
    <Filter Include="Resource Files">
      <UniqueIdentifier>{f37d9db6-86cf-469d-81d9-cec8d425b491}</UniqueIdentifier>
      <Extensions>ico;cur;bmp;dlg;rc2;rct;bin;rgs;gif;jpg;jpeg;jpe</Extensions>
    </Filter>
  </ItemGroup>
  <ItemGroup>
    <ClCompile Include="DrawRs274X.cpp">
      <Filter>Source Files</Filter>
    </ClCompile>
    <ClCompile Include="FileFormatRs274X.cpp">
      <Filter>Source Files</Filter>
    </ClCompile>
    <ClCompile Include="MyData.cpp">
      <Filter>Source Files</Filter>
    </ClCompile>
    <ClCompile Include="MyDirectX.cpp">
      <Filter>Source Files</Filter>
    </ClCompile>
    <ClCompile Include="MyDxTest.cpp">
      <Filter>Source Files</Filter>
    </ClCompile>
    <ClCompile Include="MyDxTestDlg.cpp">
      <Filter>Source Files</Filter>
    </ClCompile>
    <ClCompile Include="PostfixCalc.cpp">
      <Filter>Source Files</Filter>
    </ClCompile>
    <ClCompile Include="StdAfx.cpp">
      <Filter>Source Files</Filter>
    </ClCompile>
    <ClCompile Include="ThreadTask.cpp">
      <Filter>Source Files</Filter>
    </ClCompile>
    <ClCompile Include="TransformUtil.cpp">
      <Filter>Source Files</Filter>
    </ClCompile>
  </ItemGroup>
  <ItemGroup>
    <ClInclude Include="atlimage.h">
      <Filter>Header Files</Filter>
    </ClInclude>
    <ClInclude Include="ColorTable.h">
      <Filter>Header Files</Filter>
    </ClInclude>
    <ClInclude Include="DrawRs274X.h">
      <Filter>Header Files</Filter>
    </ClInclude>
    <ClInclude Include="FileFormatRs274X.h">
      <Filter>Header Files</Filter>
    </ClInclude>
    <ClInclude Include="MyData.h">
      <Filter>Header Files</Filter>
    </ClInclude>
    <ClInclude Include="MyDirectX.h">
      <Filter>Header Files</Filter>
    </ClInclude>
    <ClInclude Include="MyDxDef.h">
      <Filter>Header Files</Filter>
    </ClInclude>
    <ClInclude Include="MyDxTest.h">
      <Filter>Header Files</Filter>
    </ClInclude>
    <ClInclude Include="MyDxTestDlg.h">
      <Filter>Header Files</Filter>
    </ClInclude>
    <ClInclude Include="PostfixCalc.h">
      <Filter>Header Files</Filter>
    </ClInclude>
    <ClInclude Include="Resource.h">
      <Filter>Header Files</Filter>
    </ClInclude>
    <ClInclude Include="StdAfx.h">
      <Filter>Header Files</Filter>
    </ClInclude>
    <ClInclude Include="ThreadTask.h">
      <Filter>Header Files</Filter>
    </ClInclude>
    <ClInclude Include="TransformUtil.h">
      <Filter>Header Files</Filter>
    </ClInclude>
  </ItemGroup>
  <ItemGroup>
    <Image Include="res\MyDxTest.ico">
      <Filter>Resource Files</Filter>
    </Image>
  </ItemGroup>
  <ItemGroup>
    <ResourceCompile Include="MyDxTest.rc">
      <Filter>Resource Files</Filter>
    </ResourceCompile>
  </ItemGroup>
  <ItemGroup>
    <Text Include="ReadMe.txt" />
  </ItemGroup>
  <ItemGroup>
    <CustomBuild Include="res\MyDxTest.rc2">
      <Filter>Resource Files</Filter>
    </CustomBuild>
  </ItemGroup>
</Project>